
Microsoft Visual Studio Solution File, Format Version 12.00
# Visual Studio Version 17
VisualStudioVersion = 17.8.34309.116
MinimumVisualStudioVersion = 10.0.40219.1
Project("{9A19103F-16F7-4668-BE54-9A1E7A4F7556}") = "New-Project-Backend", "New-Project-Backend\New-Project-Backend.csproj", "{869D50E6-CF2F-4666-ADBE-205EAD404A02}"
EndProject
Project("{FAE04EC0-301F-11D3-BF4B-00C04F79EFBC}") = "Project.Core", "Project.Core\Project.Core.csproj", "{B57AE41E-87EA-4F2F-B1F0-231B4D73E604}"
EndProject
Project("{FAE04EC0-301F-11D3-BF4B-00C04F79EFBC}") = "MigrationTool", "MigrationTool\MigrationTool.csproj", "{6657A42E-BEE2-4FC8-9E63-26F059954AA2}"
EndProject
Global
	GlobalSection(SolutionConfigurationPlatforms) = preSolution
		Debug|Any CPU = Debug|Any CPU
		Release|Any CPU = Release|Any CPU
	EndGlobalSection
	GlobalSection(ProjectConfigurationPlatforms) = postSolution
		{869D50E6-CF2F-4666-ADBE-205EAD404A02}.Debug|Any CPU.ActiveCfg = Debug|Any CPU
		{869D50E6-CF2F-4666-ADBE-205EAD404A02}.Debug|Any CPU.Build.0 = Debug|Any CPU
		{869D50E6-CF2F-4666-ADBE-205EAD404A02}.Release|Any CPU.ActiveCfg = Release|Any CPU
		{869D50E6-CF2F-4666-ADBE-205EAD404A02}.Release|Any CPU.Build.0 = Release|Any CPU
		{B57AE41E-87EA-4F2F-B1F0-231B4D73E604}.Debug|Any CPU.ActiveCfg = Debug|Any CPU
		{B57AE41E-87EA-4F2F-B1F0-231B4D73E604}.Debug|Any CPU.Build.0 = Debug|Any CPU
		{B57AE41E-87EA-4F2F-B1F0-231B4D73E604}.Release|Any CPU.ActiveCfg = Release|Any CPU
		{B57AE41E-87EA-4F2F-B1F0-231B4D73E604}.Release|Any CPU.Build.0 = Release|Any CPU
		{6657A42E-BEE2-4FC8-9E63-26F059954AA2}.Debug|Any CPU.ActiveCfg = Debug|Any CPU
		{6657A42E-BEE2-4FC8-9E63-26F059954AA2}.Debug|Any CPU.Build.0 = Debug|Any CPU
		{6657A42E-BEE2-4FC8-9E63-26F059954AA2}.Release|Any CPU.ActiveCfg = Release|Any CPU
		{6657A42E-BEE2-4FC8-9E63-26F059954AA2}.Release|Any CPU.Build.0 = Release|Any CPU
	EndGlobalSection
	GlobalSection(SolutionProperties) = preSolution
		HideSolutionNode = FALSE
	EndGlobalSection
	GlobalSection(ExtensibilityGlobals) = postSolution
		SolutionGuid = {9DADBB9E-9239-4755-9608-75C902D28FD7}
	EndGlobalSection
EndGlobal
